<?xml version="1.0" encoding="utf-8"?>
<Project ToolsVersion="4.0" xmlns="http://schemas.microsoft.com/developer/msbuild/2003">
  <ItemGroup>
    <Filter Include="Resource Files">
      <UniqueIdentifier>{67DA6AB6-F800-4c08-8B7A-83BB121AAD01}</UniqueIdentifier>
      <Extensions>qrc;rc;ico;cur;bmp;dlg;rc2;rct;bin;rgs;gif;jpg;jpeg;jpe;resx;tiff;tif;png;wav;mfcribbon-ms</Extensions>
    </Filter>
    <Filter Include="Form Files">
      <UniqueIdentifier>{99349809-55BA-4b9d-BF79-8FDBB0286EB3}</UniqueIdentifier>
      <Extensions>ui</Extensions>
    </Filter>
    <Filter Include="Translation Files">
      <UniqueIdentifier>{639EADAA-A684-42e4-A9AD-28FC9BCB8F7C}</UniqueIdentifier>
      <Extensions>ts</Extensions>
    </Filter>
    <Filter Include="helpers">
      <UniqueIdentifier>{51c8deda-ccca-4af7-9cae-78f9fa3ee4d0}</UniqueIdentifier>
    </Filter>
  </ItemGroup>
  <ItemGroup>
    <QtRcc Include="UpdateChecker.qrc">
      <Filter>Resource Files</Filter>
    </QtRcc>
    <QtUic Include="UpdateChecker.ui">
      <Filter>Form Files</Filter>
    </QtUic>
  </ItemGroup>
  <ItemGroup>
    <ClInclude Include="stdafx.h" />
    <ClInclude Include="..\helpers\RegistryHelper.h">
      <Filter>helpers</Filter>
    </ClInclude>
    <ClInclude Include="..\helpers\StringHelper.h">
      <Filter>helpers</Filter>
    </ClInclude>
    <ClInclude Include="..\helpers\TaskSchedulerHelper.h">
      <Filter>helpers</Filter>
    </ClInclude>
    <ClInclude Include="resource.h" />
  </ItemGroup>
  <ItemGroup>
    <QtMoc Include="UpdateChecker.h" />
    <QtMoc Include="AutoSizeTextEdit.h" />
  </ItemGroup>
  <ItemGroup>
    <ClCompile Include="main.cpp" />
    <ClCompile Include="stdafx.cpp" />
    <ClCompile Include="UpdateChecker.cpp" />
    <ClCompile Include="AutoSizeTextEdit.cpp" />
    <ClCompile Include="..\helpers\StringHelper.cpp">
      <Filter>helpers</Filter>
    </ClCompile>
    <ClCompile Include="..\helpers\TaskSchedulerHelper.cpp">
      <Filter>helpers</Filter>
    </ClCompile>
  </ItemGroup>
  <ItemGroup>
    <QtTranslation Include="translations\UpdateChecker_de.ts">
      <Filter>Translation Files</Filter>
    </QtTranslation>
    <QtTranslation Include="translations\UpdateChecker_zh_CN.ts">
      <Filter>Translation Files</Filter>
    </QtTranslation>
    <QtTranslation Include="translations\UpdateChecker_fr.ts">
      <Filter>Translation Files</Filter>
    </QtTranslation>
  </ItemGroup>
  <ItemGroup>
    <Image Include="icons\software-update-available.ico">
      <Filter>Resource Files</Filter>
    </Image>
  </ItemGroup>
  <ItemGroup>
    <ResourceCompile Include="UpdateChecker.rc">
      <Filter>Resource Files</Filter>
    </ResourceCompile>
  </ItemGroup>
</Project>